
Microsoft Visual Studio Solution File, Format Version 12.00
# Visual Studio 15
VisualStudioVersion = 15.0.28307.1525
MinimumVisualStudioVersion = 10.0.40219.1
Project("{FAE04EC0-301F-11D3-BF4B-00C04F79EFBC}") = "MyAutoCompleteTextBox201913709054_FarukAydogan", "MyAutoCompleteTextBox201913709054_FarukAydogan.csproj", "{E7D02C03-283E-4C73-8523-52F329CB348B}"
EndProject
Global
	GlobalSection(SolutionConfigurationPlatforms) = preSolution
		Debug|Any CPU = Debug|Any CPU
		Release|Any CPU = Release|Any CPU
	EndGlobalSection
	GlobalSection(ProjectConfigurationPlatforms) = postSolution
		{E7D02C03-283E-4C73-8523-52F329CB348B}.Debug|Any CPU.ActiveCfg = Debug|Any CPU
		{E7D02C03-283E-4C73-8523-52F329CB348B}.Debug|Any CPU.Build.0 = Debug|Any CPU
		{E7D02C03-283E-4C73-8523-52F329CB348B}.Release|Any CPU.ActiveCfg = Release|Any CPU
		{E7D02C03-283E-4C73-8523-52F329CB348B}.Release|Any CPU.Build.0 = Release|Any CPU
	EndGlobalSection
	GlobalSection(SolutionProperties) = preSolution
		HideSolutionNode = FALSE
	EndGlobalSection
	GlobalSection(ExtensibilityGlobals) = postSolution
		SolutionGuid = {7F60D44C-D0E4-459D-959A-838EF7B61E33}
	EndGlobalSection
EndGlobal
