
Microsoft Visual Studio Solution File, Format Version 12.00
# Visual Studio Version 16
VisualStudioVersion = 16.0.31410.357
MinimumVisualStudioVersion = 10.0.40219.1
Project("{FAE04EC0-301F-11D3-BF4B-00C04F79EFBC}") = "201913709054_Faruk_Tayyib_Aydogan", "201913709054_Faruk_Tayyib_Aydogan\201913709054_Faruk_Tayyib_Aydogan.csproj", "{FB88821F-2731-4DA3-8FE5-E3CC79B726E2}"
EndProject
Global
	GlobalSection(SolutionConfigurationPlatforms) = preSolution
		Debug|Any CPU = Debug|Any CPU
		Release|Any CPU = Release|Any CPU
	EndGlobalSection
	GlobalSection(ProjectConfigurationPlatforms) = postSolution
		{FB88821F-2731-4DA3-8FE5-E3CC79B726E2}.Debug|Any CPU.ActiveCfg = Debug|Any CPU
		{FB88821F-2731-4DA3-8FE5-E3CC79B726E2}.Debug|Any CPU.Build.0 = Debug|Any CPU
		{FB88821F-2731-4DA3-8FE5-E3CC79B726E2}.Release|Any CPU.ActiveCfg = Release|Any CPU
		{FB88821F-2731-4DA3-8FE5-E3CC79B726E2}.Release|Any CPU.Build.0 = Release|Any CPU
	EndGlobalSection
	GlobalSection(SolutionProperties) = preSolution
		HideSolutionNode = FALSE
	EndGlobalSection
	GlobalSection(ExtensibilityGlobals) = postSolution
		SolutionGuid = {D01D3C5D-BF92-42C5-B2C3-CA2F5C61DEB9}
	EndGlobalSection
EndGlobal
