
Microsoft Visual Studio Solution File, Format Version 12.00
# Visual Studio Version 16
VisualStudioVersion = 16.0.30413.136
MinimumVisualStudioVersion = 10.0.40219.1
Project("{FAE04EC0-301F-11D3-BF4B-00C04F79EFBC}") = "21_02_2021", "21_02_2021.csproj", "{3E41555F-1040-44DD-98FC-0E3E52EAE1EA}"
EndProject
Global
	GlobalSection(SolutionConfigurationPlatforms) = preSolution
		Debug|Any CPU = Debug|Any CPU
		Release|Any CPU = Release|Any CPU
	EndGlobalSection
	GlobalSection(ProjectConfigurationPlatforms) = postSolution
		{3E41555F-1040-44DD-98FC-0E3E52EAE1EA}.Debug|Any CPU.ActiveCfg = Debug|Any CPU
		{3E41555F-1040-44DD-98FC-0E3E52EAE1EA}.Debug|Any CPU.Build.0 = Debug|Any CPU
		{3E41555F-1040-44DD-98FC-0E3E52EAE1EA}.Release|Any CPU.ActiveCfg = Release|Any CPU
		{3E41555F-1040-44DD-98FC-0E3E52EAE1EA}.Release|Any CPU.Build.0 = Release|Any CPU
	EndGlobalSection
	GlobalSection(SolutionProperties) = preSolution
		HideSolutionNode = FALSE
	EndGlobalSection
	GlobalSection(ExtensibilityGlobals) = postSolution
		SolutionGuid = {95C2692F-3774-46AE-8F87-23B134A2A5EB}
	EndGlobalSection
EndGlobal
